// !$*UTF8*$!
{
	archiveVersion = 1;
	classes = {
	};
	objectVersion = 55;
	objects = {

/* Begin PBXBuildFile section */
		118CAD57276FCBBA002D4223 /* AppDelegate.swift in Sources */ = {isa = PBXBuildFile; fileRef = 118CAD56276FCBBA002D4223 /* AppDelegate.swift */; };
		118CAD59276FCBBA002D4223 /* SceneDelegate.swift in Sources */ = {isa = PBXBuildFile; fileRef = 118CAD58276FCBBA002D4223 /* SceneDelegate.swift */; };
		118CAD5B276FCBBA002D4223 /* MainScreenViewController.swift in Sources */ = {isa = PBXBuildFile; fileRef = 118CAD5A276FCBBA002D4223 /* MainScreenViewController.swift */; };
		118CAD5E276FCBBA002D4223 /* Main.storyboard in Resources */ = {isa = PBXBuildFile; fileRef = 118CAD5C276FCBBA002D4223 /* Main.storyboard */; };
		118CAD61276FCBBA002D4223 /* TriviaKing.xcdatamodeld in Sources */ = {isa = PBXBuildFile; fileRef = 118CAD5F276FCBBA002D4223 /* TriviaKing.xcdatamodeld */; };
		118CAD63276FCBBC002D4223 /* Assets.xcassets in Resources */ = {isa = PBXBuildFile; fileRef = 118CAD62276FCBBC002D4223 /* Assets.xcassets */; };
		118CAD66276FCBBC002D4223 /* LaunchScreen.storyboard in Resources */ = {isa = PBXBuildFile; fileRef = 118CAD64276FCBBC002D4223 /* LaunchScreen.storyboard */; };
		118CAD6E276FD506002D4223 /* CategoryScreenViewController.swift in Sources */ = {isa = PBXBuildFile; fileRef = 118CAD6D276FD506002D4223 /* CategoryScreenViewController.swift */; };
		118CAD70276FD53C002D4223 /* QuestionScreenViewController.swift in Sources */ = {isa = PBXBuildFile; fileRef = 118CAD6F276FD53C002D4223 /* QuestionScreenViewController.swift */; };
		118CAD72276FD56F002D4223 /* StatisticScreenViewController.swift in Sources */ = {isa = PBXBuildFile; fileRef = 118CAD71276FD56F002D4223 /* StatisticScreenViewController.swift */; };
		7545F245277CA72C00563A98 /* LocalStorageController.swift in Sources */ = {isa = PBXBuildFile; fileRef = 7545F244277CA72C00563A98 /* LocalStorageController.swift */; };
		7545F247278F202600563A98 /* OTDBAPIController.swift in Sources */ = {isa = PBXBuildFile; fileRef = 7545F246278F202600563A98 /* OTDBAPIController.swift */; };
/* End PBXBuildFile section */

/* Begin PBXFileReference section */
		118CAD53276FCBBA002D4223 /* TriviaKing.app */ = {isa = PBXFileReference; explicitFileType = wrapper.application; includeInIndex = 0; path = TriviaKing.app; sourceTree = BUILT_PRODUCTS_DIR; };
		118CAD56276FCBBA002D4223 /* AppDelegate.swift */ = {isa = PBXFileReference; lastKnownFileType = sourcecode.swift; path = AppDelegate.swift; sourceTree = "<group>"; };
		118CAD58276FCBBA002D4223 /* SceneDelegate.swift */ = {isa = PBXFileReference; lastKnownFileType = sourcecode.swift; path = SceneDelegate.swift; sourceTree = "<group>"; };
		118CAD5A276FCBBA002D4223 /* MainScreenViewController.swift */ = {isa = PBXFileReference; lastKnownFileType = sourcecode.swift; path = MainScreenViewController.swift; sourceTree = "<group>"; };
		118CAD5D276FCBBA002D4223 /* Base */ = {isa = PBXFileReference; lastKnownFileType = file.storyboard; name = Base; path = Base.lproj/Main.storyboard; sourceTree = "<group>"; };
		118CAD60276FCBBA002D4223 /* TriviaKing.xcdatamodel */ = {isa = PBXFileReference; lastKnownFileType = wrapper.xcdatamodel; path = TriviaKing.xcdatamodel; sourceTree = "<group>"; };
		118CAD62276FCBBC002D4223 /* Assets.xcassets */ = {isa = PBXFileReference; lastKnownFileType = folder.assetcatalog; path = Assets.xcassets; sourceTree = "<group>"; };
		118CAD65276FCBBC002D4223 /* Base */ = {isa = PBXFileReference; lastKnownFileType = file.storyboard; name = Base; path = Base.lproj/LaunchScreen.storyboard; sourceTree = "<group>"; };
		118CAD67276FCBBC002D4223 /* Info.plist */ = {isa = PBXFileReference; lastKnownFileType = text.plist.xml; path = Info.plist; sourceTree = "<group>"; };
		118CAD6D276FD506002D4223 /* CategoryScreenViewController.swift */ = {isa = PBXFileReference; lastKnownFileType = sourcecode.swift; path = CategoryScreenViewController.swift; sourceTree = "<group>"; };
		118CAD6F276FD53C002D4223 /* QuestionScreenViewController.swift */ = {isa = PBXFileReference; lastKnownFileType = sourcecode.swift; path = QuestionScreenViewController.swift; sourceTree = "<group>"; };
		118CAD71276FD56F002D4223 /* StatisticScreenViewController.swift */ = {isa = PBXFileReference; lastKnownFileType = sourcecode.swift; path = StatisticScreenViewController.swift; sourceTree = "<group>"; };
		7545F244277CA72C00563A98 /* LocalStorageController.swift */ = {isa = PBXFileReference; lastKnownFileType = sourcecode.swift; path = LocalStorageController.swift; sourceTree = "<group>"; };
		7545F246278F202600563A98 /* OTDBAPIController.swift */ = {isa = PBXFileReference; lastKnownFileType = sourcecode.swift; path = OTDBAPIController.swift; sourceTree = "<group>"; };
/* End PBXFileReference section */

/* Begin PBXFrameworksBuildPhase section */
		118CAD50276FCBBA002D4223 /* Frameworks */ = {
			isa = PBXFrameworksBuildPhase;
			buildActionMask = 2147483647;
			files = (
			);
			runOnlyForDeploymentPostprocessing = 0;
		};
/* End PBXFrameworksBuildPhase section */

/* Begin PBXGroup section */
		118CAD4A276FCBBA002D4223 = {
			isa = PBXGroup;
			children = (
				118CAD55276FCBBA002D4223 /* TriviaKing */,
				118CAD54276FCBBA002D4223 /* Products */,
			);
			sourceTree = "<group>";
		};
		118CAD54276FCBBA002D4223 /* Products */ = {
			isa = PBXGroup;
			children = (
				118CAD53276FCBBA002D4223 /* TriviaKing.app */,
			);
			name = Products;
			sourceTree = "<group>";
		};
		118CAD55276FCBBA002D4223 /* TriviaKing */ = {
			isa = PBXGroup;
			children = (
				118CAD56276FCBBA002D4223 /* AppDelegate.swift */,
				118CAD58276FCBBA002D4223 /* SceneDelegate.swift */,
				118CAD5A276FCBBA002D4223 /* MainScreenViewController.swift */,
				118CAD5C276FCBBA002D4223 /* Main.storyboard */,
				7545F244277CA72C00563A98 /* LocalStorageController.swift */,
				118CAD71276FD56F002D4223 /* StatisticScreenViewController.swift */,
				118CAD6F276FD53C002D4223 /* QuestionScreenViewController.swift */,
				7545F246278F202600563A98 /* OTDBAPIController.swift */,
				118CAD6D276FD506002D4223 /* CategoryScreenViewController.swift */,
				118CAD62276FCBBC002D4223 /* Assets.xcassets */,
				118CAD64276FCBBC002D4223 /* LaunchScreen.storyboard */,
				118CAD67276FCBBC002D4223 /* Info.plist */,
				118CAD5F276FCBBA002D4223 /* TriviaKing.xcdatamodeld */,
			);
			path = TriviaKing;
			sourceTree = "<group>";
		};
/* End PBXGroup section */

/* Begin PBXNativeTarget section */
		118CAD52276FCBBA002D4223 /* TriviaKing */ = {
			isa = PBXNativeTarget;
			buildConfigurationList = 118CAD6A276FCBBC002D4223 /* Build configuration list for PBXNativeTarget "TriviaKing" */;
			buildPhases = (
				118CAD4F276FCBBA002D4223 /* Sources */,
				118CAD50276FCBBA002D4223 /* Frameworks */,
				118CAD51276FCBBA002D4223 /* Resources */,
			);
			buildRules = (
			);
			dependencies = (
			);
			name = TriviaKing;
			productName = TriviaKing;
			productReference = 118CAD53276FCBBA002D4223 /* TriviaKing.app */;
			productType = "com.apple.product-type.application";
		};
/* End PBXNativeTarget section */

/* Begin PBXProject section */
		118CAD4B276FCBBA002D4223 /* Project object */ = {
			isa = PBXProject;
			attributes = {
				BuildIndependentTargetsInParallel = 1;
				LastSwiftUpdateCheck = 1300;
				LastUpgradeCheck = 1300;
				TargetAttributes = {
					118CAD52276FCBBA002D4223 = {
						CreatedOnToolsVersion = 13.0;
					};
				};
			};
			buildConfigurationList = 118CAD4E276FCBBA002D4223 /* Build configuration list for PBXProject "TriviaKing" */;
			compatibilityVersion = "Xcode 13.0";
			developmentRegion = en;
			hasScannedForEncodings = 0;
			knownRegions = (
				en,
				Base,
			);
			mainGroup = 118CAD4A276FCBBA002D4223;
			productRefGroup = 118CAD54276FCBBA002D4223 /* Products */;
			projectDirPath = "";
			projectRoot = "";
			targets = (
				118CAD52276FCBBA002D4223 /* TriviaKing */,
			);
		};
/* End PBXProject section */

/* Begin PBXResourcesBuildPhase section */
		118CAD51276FCBBA002D4223 /* Resources */ = {
			isa = PBXResourcesBuildPhase;
			buildActionMask = 2147483647;
			files = (
				118CAD66276FCBBC002D4223 /* LaunchScreen.storyboard in Resources */,
				118CAD63276FCBBC002D4223 /* Assets.xcassets in Resources */,
				118CAD5E276FCBBA002D4223 /* Main.storyboard in Resources */,
			);
			runOnlyForDeploymentPostprocessing = 0;
		};
/* End PBXResourcesBuildPhase section */

/* Begin PBXSourcesBuildPhase section */
		118CAD4F276FCBBA002D4223 /* Sources */ = {
			isa = PBXSourcesBuildPhase;
			buildActionMask = 2147483647;
			files = (
				118CAD70276FD53C002D4223 /* QuestionScreenViewController.swift in Sources */,
				118CAD5B276FCBBA002D4223 /* MainScreenViewController.swift in Sources */,
				7545F247278F202600563A98 /* OTDBAPIController.swift in Sources */,
				118CAD72276FD56F002D4223 /* StatisticScreenViewController.swift in Sources */,
				7545F245277CA72C00563A98 /* LocalStorageController.swift in Sources */,
				118CAD57276FCBBA002D4223 /* AppDelegate.swift in Sources */,
				118CAD59276FCBBA002D4223 /* SceneDelegate.swift in Sources */,
				118CAD61276FCBBA002D4223 /* TriviaKing.xcdatamodeld in Sources */,
				118CAD6E276FD506002D4223 /* CategoryScreenViewController.swift in Sources */,
			);
			runOnlyForDeploymentPostprocessing = 0;
		};
/* End PBXSourcesBuildPhase section */

/* Begin PBXVariantGroup section */
		118CAD5C276FCBBA002D4223 /* Main.storyboard */ = {
			isa = PBXVariantGroup;
			children = (
				118CAD5D276FCBBA002D4223 /* Base */,
			);
			name = Main.storyboard;
			sourceTree = "<group>";
		};
		118CAD64276FCBBC002D4223 /* LaunchScreen.storyboard */ = {
			isa = PBXVariantGroup;
			children = (
				118CAD65276FCBBC002D4223 /* Base */,
			);
			name = LaunchScreen.storyboard;
			sourceTree = "<group>";
		};
/* End PBXVariantGroup section */

/* Begin XCBuildConfiguration section */
		118CAD68276FCBBC002D4223 /* Debug */ = {
			isa = XCBuildConfiguration;
			buildSettings = {
				ALWAYS_SEARCH_USER_PATHS = NO;
				CLANG_ANALYZER_NONNULL = YES;
				CLANG_ANALYZER_NUMBER_OBJECT_CONVERSION = YES_AGGRESSIVE;
				CLANG_CXX_LANGUAGE_STANDARD = "gnu++17";
				CLANG_CXX_LIBRARY = "libc++";
				CLANG_ENABLE_MODULES = YES;
				CLANG_ENABLE_OBJC_ARC = YES;
				CLANG_ENABLE_OBJC_WEAK = YES;
				CLANG_WARN_BLOCK_CAPTURE_AUTORELEASING = YES;
				CLANG_WARN_BOOL_CONVERSION = YES;
				CLANG_WARN_COMMA = YES;
				CLANG_WARN_CONSTANT_CONVERSION = YES;
				CLANG_WARN_DEPRECATED_OBJC_IMPLEMENTATIONS = YES;
				CLANG_WARN_DIRECT_OBJC_ISA_USAGE = YES_ERROR;
				CLANG_WARN_DOCUMENTATION_COMMENTS = YES;
				CLANG_WARN_EMPTY_BODY = YES;
				CLANG_WARN_ENUM_CONVERSION = YES;
				CLANG_WARN_INFINITE_RECURSION = YES;
				CLANG_WARN_INT_CONVERSION = YES;
				CLANG_WARN_NON_LITERAL_NULL_CONVERSION = YES;
				CLANG_WARN_OBJC_IMPLICIT_RETAIN_SELF = YES;
				CLANG_WARN_OBJC_LITERAL_CONVERSION = YES;
				CLANG_WARN_OBJC_ROOT_CLASS = YES_ERROR;
				CLANG_WARN_QUOTED_INCLUDE_IN_FRAMEWORK_HEADER = YES;
				CLANG_WARN_RANGE_LOOP_ANALYSIS = YES;
				CLANG_WARN_STRICT_PROTOTYPES = YES;
				CLANG_WARN_SUSPICIOUS_MOVE = YES;
				CLANG_WARN_UNGUARDED_AVAILABILITY = YES_AGGRESSIVE;
				CLANG_WARN_UNREACHABLE_CODE = YES;
				CLANG_WARN__DUPLICATE_METHOD_MATCH = YES;
				COPY_PHASE_STRIP = NO;
				DEBUG_INFORMATION_FORMAT = dwarf;
				ENABLE_STRICT_OBJC_MSGSEND = YES;
				ENABLE_TESTABILITY = YES;
				GCC_C_LANGUAGE_STANDARD = gnu11;
				GCC_DYNAMIC_NO_PIC = NO;
				GCC_NO_COMMON_BLOCKS = YES;
				GCC_OPTIMIZATION_LEVEL = 0;
				GCC_PREPROCESSOR_DEFINITIONS = (
					"DEBUG=1",
					"$(inherited)",
				);
				GCC_WARN_64_TO_32_BIT_CONVERSION = YES;
				GCC_WARN_ABOUT_RETURN_TYPE = YES_ERROR;
				GCC_WARN_UNDECLARED_SELECTOR = YES;
				GCC_WARN_UNINITIALIZED_AUTOS = YES_AGGRESSIVE;
				GCC_WARN_UNUSED_FUNCTION = YES;
				GCC_WARN_UNUSED_VARIABLE = YES;
				IPHONEOS_DEPLOYMENT_TARGET = 15.0;
				MTL_ENABLE_DEBUG_INFO = INCLUDE_SOURCE;
				MTL_FAST_MATH = YES;
				ONLY_ACTIVE_ARCH = YES;
				SDKROOT = iphoneos;
				SWIFT_ACTIVE_COMPILATION_CONDITIONS = DEBUG;
				SWIFT_OPTIMIZATION_LEVEL = "-Onone";
			};
			name = Debug;
		};
		118CAD69276FCBBC002D4223 /* Release */ = {
			isa = XCBuildConfiguration;
			buildSettings = {
				ALWAYS_SEARCH_USER_PATHS = NO;
				CLANG_ANALYZER_NONNULL = YES;
				CLANG_ANALYZER_NUMBER_OBJECT_CONVERSION = YES_AGGRESSIVE;
				CLANG_CXX_LANGUAGE_STANDARD = "gnu++17";
				CLANG_CXX_LIBRARY = "libc++";
				CLANG_ENABLE_MODULES = YES;
				CLANG_ENABLE_OBJC_ARC = YES;
				CLANG_ENABLE_OBJC_WEAK = YES;
				CLANG_WARN_BLOCK_CAPTURE_AUTORELEASING = YES;
				CLANG_WARN_BOOL_CONVERSION = YES;
				CLANG_WARN_COMMA = YES;
				CLANG_WARN_CONSTANT_CONVERSION = YES;
				CLANG_WARN_DEPRECATED_OBJC_IMPLEMENTATIONS = YES;
				CLANG_WARN_DIRECT_OBJC_ISA_USAGE = YES_ERROR;
				CLANG_WARN_DOCUMENTATION_COMMENTS = YES;
				CLANG_WARN_EMPTY_BODY = YES;
				CLANG_WARN_ENUM_CONVERSION = YES;
				CLANG_WARN_INFINITE_RECURSION = YES;
				CLANG_WARN_INT_CONVERSION = YES;
				CLANG_WARN_NON_LITERAL_NULL_CONVERSION = YES;
				CLANG_WARN_OBJC_IMPLICIT_RETAIN_SELF = YES;
				CLANG_WARN_OBJC_LITERAL_CONVERSION = YES;
				CLANG_WARN_OBJC_ROOT_CLASS = YES_ERROR;
				CLANG_WARN_QUOTED_INCLUDE_IN_FRAMEWORK_HEADER = YES;
				CLANG_WARN_RANGE_LOOP_ANALYSIS = YES;
				CLANG_WARN_STRICT_PROTOTYPES = YES;
				CLANG_WARN_SUSPICIOUS_MOVE = YES;
				CLANG_WARN_UNGUARDED_AVAILABILITY = YES_AGGRESSIVE;
				CLANG_WARN_UNREACHABLE_CODE = YES;
				CLANG_WARN__DUPLICATE_METHOD_MATCH = YES;
				COPY_PHASE_STRIP = NO;
				DEBUG_INFORMATION_FORMAT = "dwarf-with-dsym";
				ENABLE_NS_ASSERTIONS = NO;
				ENABLE_STRICT_OBJC_MSGSEND = YES;
				GCC_C_LANGUAGE_STANDARD = gnu11;
				GCC_NO_COMMON_BLOCKS = YES;
				GCC_WARN_64_TO_32_BIT_CONVERSION = YES;
				GCC_WARN_ABOUT_RETURN_TYPE = YES_ERROR;
				GCC_WARN_UNDECLARED_SELECTOR = YES;
				GCC_WARN_UNINITIALIZED_AUTOS = YES_AGGRESSIVE;
				GCC_WARN_UNUSED_FUNCTION = YES;
				GCC_WARN_UNUSED_VARIABLE = YES;
				IPHONEOS_DEPLOYMENT_TARGET = 15.0;
				MTL_ENABLE_DEBUG_INFO = NO;
				MTL_FAST_MATH = YES;
				SDKROOT = iphoneos;
				SWIFT_COMPILATION_MODE = wholemodule;
				SWIFT_OPTIMIZATION_LEVEL = "-O";
				VALIDATE_PRODUCT = YES;
			};
			name = Release;
		};
		118CAD6B276FCBBC002D4223 /* Debug */ = {
			isa = XCBuildConfiguration;
			buildSettings = {
				ASSETCATALOG_COMPILER_APPICON_NAME = AppIcon;
				ASSETCATALOG_COMPILER_GLOBAL_ACCENT_COLOR_NAME = AccentColor;
				CODE_SIGN_STYLE = Automatic;
				CURRENT_PROJECT_VERSION = 1;
				DEVELOPMENT_TEAM = D6FC6XGQ4Q;
				GENERATE_INFOPLIST_FILE = YES;
				INFOPLIST_FILE = TriviaKing/Info.plist;
				INFOPLIST_KEY_UIApplicationSupportsIndirectInputEvents = YES;
				INFOPLIST_KEY_UILaunchStoryboardName = LaunchScreen;
				INFOPLIST_KEY_UIMainStoryboardFile = Main;
				INFOPLIST_KEY_UISupportedInterfaceOrientations_iPad = "UIInterfaceOrientationPortrait UIInterfaceOrientationPortraitUpsideDown UIInterfaceOrientationLandscapeLeft UIInterfaceOrientationLandscapeRight";
				INFOPLIST_KEY_UISupportedInterfaceOrientations_iPhone = "UIInterfaceOrientationPortrait UIInterfaceOrientationLandscapeLeft UIInterfaceOrientationLandscapeRight";
				LD_RUNPATH_SEARCH_PATHS = (
					"$(inherited)",
					"@executable_path/Frameworks",
				);
				MARKETING_VERSION = 1.0;
				PRODUCT_BUNDLE_IDENTIFIER = de.hdmstuttgart.TriviaKing;
				PRODUCT_NAME = "$(TARGET_NAME)";
				SWIFT_EMIT_LOC_STRINGS = YES;
				SWIFT_VERSION = 5.0;
				TARGETED_DEVICE_FAMILY = "1,2";
			};
			name = Debug;
		};
		118CAD6C276FCBBC002D4223 /* Release */ = {
			isa = XCBuildConfiguration;
			buildSettings = {
				ASSETCATALOG_COMPILER_APPICON_NAME = AppIcon;
				ASSETCATALOG_COMPILER_GLOBAL_ACCENT_COLOR_NAME = AccentColor;
				CODE_SIGN_STYLE = Automatic;
				CURRENT_PROJECT_VERSION = 1;
				DEVELOPMENT_TEAM = D6FC6XGQ4Q;
				GENERATE_INFOPLIST_FILE = YES;
				INFOPLIST_FILE = TriviaKing/Info.plist;
				INFOPLIST_KEY_UIApplicationSupportsIndirectInputEvents = YES;
				INFOPLIST_KEY_UILaunchStoryboardName = LaunchScreen;
				INFOPLIST_KEY_UIMainStoryboardFile = Main;
				INFOPLIST_KEY_UISupportedInterfaceOrientations_iPad = "UIInterfaceOrientationPortrait UIInterfaceOrientationPortraitUpsideDown UIInterfaceOrientationLandscapeLeft UIInterfaceOrientationLandscapeRight";
				INFOPLIST_KEY_UISupportedInterfaceOrientations_iPhone = "UIInterfaceOrientationPortrait UIInterfaceOrientationLandscapeLeft UIInterfaceOrientationLandscapeRight";
				LD_RUNPATH_SEARCH_PATHS = (
					"$(inherited)",
					"@executable_path/Frameworks",
				);
				MARKETING_VERSION = 1.0;
				PRODUCT_BUNDLE_IDENTIFIER = de.hdmstuttgart.TriviaKing;
				PRODUCT_NAME = "$(TARGET_NAME)";
				SWIFT_EMIT_LOC_STRINGS = YES;
				SWIFT_VERSION = 5.0;
				TARGETED_DEVICE_FAMILY = "1,2";
			};
			name = Release;
		};
/* End XCBuildConfiguration section */

/* Begin XCConfigurationList section */
		118CAD4E276FCBBA002D4223 /* Build configuration list for PBXProject "TriviaKing" */ = {
			isa = XCConfigurationList;
			buildConfigurations = (
				118CAD68276FCBBC002D4223 /* Debug */,
				118CAD69276FCBBC002D4223 /* Release */,
			);
			defaultConfigurationIsVisible = 0;
			defaultConfigurationName = Release;
		};
		118CAD6A276FCBBC002D4223 /* Build configuration list for PBXNativeTarget "TriviaKing" */ = {
			isa = XCConfigurationList;
			buildConfigurations = (
				118CAD6B276FCBBC002D4223 /* Debug */,
				118CAD6C276FCBBC002D4223 /* Release */,
			);
			defaultConfigurationIsVisible = 0;
			defaultConfigurationName = Release;
		};
/* End XCConfigurationList section */

/* Begin XCVersionGroup section */
		118CAD5F276FCBBA002D4223 /* TriviaKing.xcdatamodeld */ = {
			isa = XCVersionGroup;
			children = (
				118CAD60276FCBBA002D4223 /* TriviaKing.xcdatamodel */,
			);
			currentVersion = 118CAD60276FCBBA002D4223 /* TriviaKing.xcdatamodel */;
			path = TriviaKing.xcdatamodeld;
			sourceTree = "<group>";
			versionGroupType = wrapper.xcdatamodel;
		};
/* End XCVersionGroup section */
	};
	rootObject = 118CAD4B276FCBBA002D4223 /* Project object */;
}
